// !$*UTF8*$!
{
	archiveVersion = 1;
	classes = {
	};
	objectVersion = 46;
	objects = {

/* Begin PBXBuildFile section */
		9AB072FB1E099BDF00A7B4F8 /* main.m in Sources */ = {isa = PBXBuildFile; fileRef = 9AB072FA1E099BDF00A7B4F8 /* main.m */; };
		9AB072FE1E099BDF00A7B4F8 /* AppDelegate.m in Sources */ = {isa = PBXBuildFile; fileRef = 9AB072FD1E099BDF00A7B4F8 /* AppDelegate.m */; };
		9AB073011E099BDF00A7B4F8 /* ViewController.m in Sources */ = {isa = PBXBuildFile; fileRef = 9AB073001E099BDF00A7B4F8 /* ViewController.m */; };
		9AB073041E099BDF00A7B4F8 /* Main.storyboard in Resources */ = {isa = PBXBuildFile; fileRef = 9AB073021E099BDF00A7B4F8 /* Main.storyboard */; };
		9AB073061E099BDF00A7B4F8 /* Assets.xcassets in Resources */ = {isa = PBXBuildFile; fileRef = 9AB073051E099BDF00A7B4F8 /* Assets.xcassets */; };
		9AB073091E099BDF00A7B4F8 /* LaunchScreen.storyboard in Resources */ = {isa = PBXBuildFile; fileRef = 9AB073071E099BDF00A7B4F8 /* LaunchScreen.storyboard */; };
		9AB073121E099C4F00A7B4F8 /* Foo.m in Sources */ = {isa = PBXBuildFile; fileRef = 9AB073111E099C4F00A7B4F8 /* Foo.m */; };
/* End PBXBuildFile section */

/* Begin PBXFileReference section */
		9AB072F61E099BDF00A7B4F8 /* weak-strong-drance-demo.app */ = {isa = PBXFileReference; explicitFileType = wrapper.application; includeInIndex = 0; path = "weak-strong-drance-demo.app"; sourceTree = BUILT_PRODUCTS_DIR; };
		9AB072FA1E099BDF00A7B4F8 /* main.m */ = {isa = PBXFileReference; lastKnownFileType = sourcecode.c.objc; path = main.m; sourceTree = "<group>"; };
		9AB072FC1E099BDF00A7B4F8 /* AppDelegate.h */ = {isa = PBXFileReference; lastKnownFileType = sourcecode.c.h; path = AppDelegate.h; sourceTree = "<group>"; };
		9AB072FD1E099BDF00A7B4F8 /* AppDelegate.m */ = {isa = PBXFileReference; lastKnownFileType = sourcecode.c.objc; path = AppDelegate.m; sourceTree = "<group>"; };
		9AB072FF1E099BDF00A7B4F8 /* ViewController.h */ = {isa = PBXFileReference; lastKnownFileType = sourcecode.c.h; path = ViewController.h; sourceTree = "<group>"; };
		9AB073001E099BDF00A7B4F8 /* ViewController.m */ = {isa = PBXFileReference; lastKnownFileType = sourcecode.c.objc; path = ViewController.m; sourceTree = "<group>"; };
		9AB073031E099BDF00A7B4F8 /* Base */ = {isa = PBXFileReference; lastKnownFileType = file.storyboard; name = Base; path = Base.lproj/Main.storyboard; sourceTree = "<group>"; };
		9AB073051E099BDF00A7B4F8 /* Assets.xcassets */ = {isa = PBXFileReference; lastKnownFileType = folder.assetcatalog; path = Assets.xcassets; sourceTree = "<group>"; };
		9AB073081E099BDF00A7B4F8 /* Base */ = {isa = PBXFileReference; lastKnownFileType = file.storyboard; name = Base; path = Base.lproj/LaunchScreen.storyboard; sourceTree = "<group>"; };
		9AB0730A1E099BDF00A7B4F8 /* Info.plist */ = {isa = PBXFileReference; lastKnownFileType = text.plist.xml; path = Info.plist; sourceTree = "<group>"; };
		9AB073101E099C4F00A7B4F8 /* Foo.h */ = {isa = PBXFileReference; fileEncoding = 4; lastKnownFileType = sourcecode.c.h; path = Foo.h; sourceTree = "<group>"; };
		9AB073111E099C4F00A7B4F8 /* Foo.m */ = {isa = PBXFileReference; fileEncoding = 4; lastKnownFileType = sourcecode.c.objc; path = Foo.m; sourceTree = "<group>"; };
/* End PBXFileReference section */

/* Begin PBXFrameworksBuildPhase section */
		9AB072F31E099BDF00A7B4F8 /* Frameworks */ = {
			isa = PBXFrameworksBuildPhase;
			buildActionMask = 2147483647;
			files = (
			);
			runOnlyForDeploymentPostprocessing = 0;
		};
/* End PBXFrameworksBuildPhase section */

/* Begin PBXGroup section */
		9AB072ED1E099BDF00A7B4F8 = {
			isa = PBXGroup;
			children = (
				9AB072F81E099BDF00A7B4F8 /* weak-strong-drance-demo */,
				9AB072F71E099BDF00A7B4F8 /* Products */,
			);
			sourceTree = "<group>";
		};
		9AB072F71E099BDF00A7B4F8 /* Products */ = {
			isa = PBXGroup;
			children = (
				9AB072F61E099BDF00A7B4F8 /* weak-strong-drance-demo.app */,
			);
			name = Products;
			sourceTree = "<group>";
		};
		9AB072F81E099BDF00A7B4F8 /* weak-strong-drance-demo */ = {
			isa = PBXGroup;
			children = (
				9AB072FC1E099BDF00A7B4F8 /* AppDelegate.h */,
				9AB072FD1E099BDF00A7B4F8 /* AppDelegate.m */,
				9AB072FF1E099BDF00A7B4F8 /* ViewController.h */,
				9AB073001E099BDF00A7B4F8 /* ViewController.m */,
				9AB073101E099C4F00A7B4F8 /* Foo.h */,
				9AB073111E099C4F00A7B4F8 /* Foo.m */,
				9AB073021E099BDF00A7B4F8 /* Main.storyboard */,
				9AB073051E099BDF00A7B4F8 /* Assets.xcassets */,
				9AB073071E099BDF00A7B4F8 /* LaunchScreen.storyboard */,
				9AB0730A1E099BDF00A7B4F8 /* Info.plist */,
				9AB072F91E099BDF00A7B4F8 /* Supporting Files */,
			);
			path = "weak-strong-drance-demo";
			sourceTree = "<group>";
		};
		9AB072F91E099BDF00A7B4F8 /* Supporting Files */ = {
			isa = PBXGroup;
			children = (
				9AB072FA1E099BDF00A7B4F8 /* main.m */,
			);
			name = "Supporting Files";
			sourceTree = "<group>";
		};
/* End PBXGroup section */

/* Begin PBXNativeTarget section */
		9AB072F51E099BDF00A7B4F8 /* weak-strong-drance-demo */ = {
			isa = PBXNativeTarget;
			buildConfigurationList = 9AB0730D1E099BE000A7B4F8 /* Build configuration list for PBXNativeTarget "weak-strong-drance-demo" */;
			buildPhases = (
				9AB072F21E099BDF00A7B4F8 /* Sources */,
				9AB072F31E099BDF00A7B4F8 /* Frameworks */,
				9AB072F41E099BDF00A7B4F8 /* Resources */,
			);
			buildRules = (
			);
			dependencies = (
			);
			name = "weak-strong-drance-demo";
			productName = "weak-strong-drance-demo";
			productReference = 9AB072F61E099BDF00A7B4F8 /* weak-strong-drance-demo.app */;
			productType = "com.apple.product-type.application";
		};
/* End PBXNativeTarget section */

/* Begin PBXProject section */
		9AB072EE1E099BDF00A7B4F8 /* Project object */ = {
			isa = PBXProject;
			attributes = {
				LastUpgradeCheck = 0730;
				ORGANIZATIONNAME = ElonChan;
				TargetAttributes = {
					9AB072F51E099BDF00A7B4F8 = {
						CreatedOnToolsVersion = 7.3;
					};
				};
			};
			buildConfigurationList = 9AB072F11E099BDF00A7B4F8 /* Build configuration list for PBXProject "weak-strong-drance-demo" */;
			compatibilityVersion = "Xcode 3.2";
			developmentRegion = English;
			hasScannedForEncodings = 0;
			knownRegions = (
				en,
				Base,
			);
			mainGroup = 9AB072ED1E099BDF00A7B4F8;
			productRefGroup = 9AB072F71E099BDF00A7B4F8 /* Products */;
			projectDirPath = "";
			projectRoot = "";
			targets = (
				9AB072F51E099BDF00A7B4F8 /* weak-strong-drance-demo */,
			);
		};
/* End PBXProject section */

/* Begin PBXResourcesBuildPhase section */
		9AB072F41E099BDF00A7B4F8 /* Resources */ = {
			isa = PBXResourcesBuildPhase;
			buildActionMask = 2147483647;
			files = (
				9AB073091E099BDF00A7B4F8 /* LaunchScreen.storyboard in Resources */,
				9AB073061E099BDF00A7B4F8 /* Assets.xcassets in Resources */,
				9AB073041E099BDF00A7B4F8 /* Main.storyboard in Resources */,
			);
			runOnlyForDeploymentPostprocessing = 0;
		};
/* End PBXResourcesBuildPhase section */

/* Begin PBXSourcesBuildPhase section */
		9AB072F21E099BDF00A7B4F8 /* Sources */ = {
			isa = PBXSourcesBuildPhase;
			buildActionMask = 2147483647;
			files = (
				9AB073121E099C4F00A7B4F8 /* Foo.m in Sources */,
				9AB073011E099BDF00A7B4F8 /* ViewController.m in Sources */,
				9AB072FE1E099BDF00A7B4F8 /* AppDelegate.m in Sources */,
				9AB072FB1E099BDF00A7B4F8 /* main.m in Sources */,
			);
			runOnlyForDeploymentPostprocessing = 0;
		};
/* End PBXSourcesBuildPhase section */

/* Begin PBXVariantGroup section */
		9AB073021E099BDF00A7B4F8 /* Main.storyboard */ = {
			isa = PBXVariantGroup;
			children = (
				9AB073031E099BDF00A7B4F8 /* Base */,
			);
			name = Main.storyboard;
			sourceTree = "<group>";
		};
		9AB073071E099BDF00A7B4F8 /* LaunchScreen.storyboard */ = {
			isa = PBXVariantGroup;
			children = (
				9AB073081E099BDF00A7B4F8 /* Base */,
			);
			name = LaunchScreen.storyboard;
			sourceTree = "<group>";
		};
/* End PBXVariantGroup section */

/* Begin XCBuildConfiguration section */
		9AB0730B1E099BDF00A7B4F8 /* Debug */ = {
			isa = XCBuildConfiguration;
			buildSettings = {
				ALWAYS_SEARCH_USER_PATHS = NO;
				CLANG_ANALYZER_NONNULL = YES;
				CLANG_CXX_LANGUAGE_STANDARD = "gnu++0x";
				CLANG_CXX_LIBRARY = "libc++";
				CLANG_ENABLE_MODULES = YES;
				CLANG_ENABLE_OBJC_ARC = YES;
				CLANG_WARN_BOOL_CONVERSION = YES;
				CLANG_WARN_CONSTANT_CONVERSION = YES;
				CLANG_WARN_DIRECT_OBJC_ISA_USAGE = YES_ERROR;
				CLANG_WARN_EMPTY_BODY = YES;
				CLANG_WARN_ENUM_CONVERSION = YES;
				CLANG_WARN_INT_CONVERSION = YES;
				CLANG_WARN_OBJC_ROOT_CLASS = YES_ERROR;
				CLANG_WARN_UNREACHABLE_CODE = YES;
				CLANG_WARN__DUPLICATE_METHOD_MATCH = YES;
				"CODE_SIGN_IDENTITY[sdk=iphoneos*]" = "iPhone Developer";
				COPY_PHASE_STRIP = NO;
				DEBUG_INFORMATION_FORMAT = dwarf;
				ENABLE_STRICT_OBJC_MSGSEND = YES;
				ENABLE_TESTABILITY = YES;
				GCC_C_LANGUAGE_STANDARD = gnu99;
				GCC_DYNAMIC_NO_PIC = NO;
				GCC_NO_COMMON_BLOCKS = YES;
				GCC_OPTIMIZATION_LEVEL = 0;
				GCC_PREPROCESSOR_DEFINITIONS = (
					"DEBUG=1",
					"$(inherited)",
				);
				GCC_WARN_64_TO_32_BIT_CONVERSION = YES;
				GCC_WARN_ABOUT_RETURN_TYPE = YES_ERROR;
				GCC_WARN_UNDECLARED_SELECTOR = YES;
				GCC_WARN_UNINITIALIZED_AUTOS = YES_AGGRESSIVE;
				GCC_WARN_UNUSED_FUNCTION = YES;
				GCC_WARN_UNUSED_VARIABLE = YES;
				IPHONEOS_DEPLOYMENT_TARGET = 9.3;
				MTL_ENABLE_DEBUG_INFO = YES;
				ONLY_ACTIVE_ARCH = YES;
				SDKROOT = iphoneos;
				TARGETED_DEVICE_FAMILY = "1,2";
			};
			name = Debug;
		};
		9AB0730C1E099BDF00A7B4F8 /* Release */ = {
			isa = XCBuildConfiguration;
			buildSettings = {
				ALWAYS_SEARCH_USER_PATHS = NO;
				CLANG_ANALYZER_NONNULL = YES;
				CLANG_CXX_LANGUAGE_STANDARD = "gnu++0x";
				CLANG_CXX_LIBRARY = "libc++";
				CLANG_ENABLE_MODULES = YES;
				CLANG_ENABLE_OBJC_ARC = YES;
				CLANG_WARN_BOOL_CONVERSION = YES;
				CLANG_WARN_CONSTANT_CONVERSION = YES;
				CLANG_WARN_DIRECT_OBJC_ISA_USAGE = YES_ERROR;
				CLANG_WARN_EMPTY_BODY = YES;
				CLANG_WARN_ENUM_CONVERSION = YES;
				CLANG_WARN_INT_CONVERSION = YES;
				CLANG_WARN_OBJC_ROOT_CLASS = YES_ERROR;
				CLANG_WARN_UNREACHABLE_CODE = YES;
				CLANG_WARN__DUPLICATE_METHOD_MATCH = YES;
				"CODE_SIGN_IDENTITY[sdk=iphoneos*]" = "iPhone Developer";
				COPY_PHASE_STRIP = NO;
				DEBUG_INFORMATION_FORMAT = "dwarf-with-dsym";
				ENABLE_NS_ASSERTIONS = NO;
				ENABLE_STRICT_OBJC_MSGSEND = YES;
				GCC_C_LANGUAGE_STANDARD = gnu99;
				GCC_NO_COMMON_BLOCKS = YES;
				GCC_WARN_64_TO_32_BIT_CONVERSION = YES;
				GCC_WARN_ABOUT_RETURN_TYPE = YES_ERROR;
				GCC_WARN_UNDECLARED_SELECTOR = YES;
				GCC_WARN_UNINITIALIZED_AUTOS = YES_AGGRESSIVE;
				GCC_WARN_UNUSED_FUNCTION = YES;
				GCC_WARN_UNUSED_VARIABLE = YES;
				IPHONEOS_DEPLOYMENT_TARGET = 9.3;
				MTL_ENABLE_DEBUG_INFO = NO;
				SDKROOT = iphoneos;
				TARGETED_DEVICE_FAMILY = "1,2";
				VALIDATE_PRODUCT = YES;
			};
			name = Release;
		};
		9AB0730E1E099BE000A7B4F8 /* Debug */ = {
			isa = XCBuildConfiguration;
			buildSettings = {
				ASSETCATALOG_COMPILER_APPICON_NAME = AppIcon;
				INFOPLIST_FILE = "weak-strong-drance-demo/Info.plist";
				LD_RUNPATH_SEARCH_PATHS = "$(inherited) @executable_path/Frameworks";
				PRODUCT_BUNDLE_IDENTIFIER = "ElonChan.weak-strong-drance-demo";
				PRODUCT_NAME = "$(TARGET_NAME)";
			};
			name = Debug;
		};
		9AB0730F1E099BE000A7B4F8 /* Release */ = {
			isa = XCBuildConfiguration;
			buildSettings = {
				ASSETCATALOG_COMPILER_APPICON_NAME = AppIcon;
				INFOPLIST_FILE = "weak-strong-drance-demo/Info.plist";
				LD_RUNPATH_SEARCH_PATHS = "$(inherited) @executable_path/Frameworks";
				PRODUCT_BUNDLE_IDENTIFIER = "ElonChan.weak-strong-drance-demo";
				PRODUCT_NAME = "$(TARGET_NAME)";
			};
			name = Release;
		};
/* End XCBuildConfiguration section */

/* Begin XCConfigurationList section */
		9AB072F11E099BDF00A7B4F8 /* Build configuration list for PBXProject "weak-strong-drance-demo" */ = {
			isa = XCConfigurationList;
			buildConfigurations = (
				9AB0730B1E099BDF00A7B4F8 /* Debug */,
				9AB0730C1E099BDF00A7B4F8 /* Release */,
			);
			defaultConfigurationIsVisible = 0;
			defaultConfigurationName = Release;
		};
		9AB0730D1E099BE000A7B4F8 /* Build configuration list for PBXNativeTarget "weak-strong-drance-demo" */ = {
			isa = XCConfigurationList;
			buildConfigurations = (
				9AB0730E1E099BE000A7B4F8 /* Debug */,
				9AB0730F1E099BE000A7B4F8 /* Release */,
			);
			defaultConfigurationIsVisible = 0;
		};
/* End XCConfigurationList section */
	};
	rootObject = 9AB072EE1E099BDF00A7B4F8 /* Project object */;
}
